
Microsoft Visual Studio Solution File, Format Version 12.00
# Visual Studio Version 16
VisualStudioVersion = 16.0.29613.14
MinimumVisualStudioVersion = 10.0.40219.1
Project("{FAE04EC0-301F-11D3-BF4B-00C04F79EFBC}") = "TrainigDiaryMongo", "TrainigDiaryMongo.csproj", "{CC0B0007-EA31-40CB-BF5B-57419B6D2BCB}"
EndProject
Global
	GlobalSection(SolutionConfigurationPlatforms) = preSolution
		Debug|Any CPU = Debug|Any CPU
		Release|Any CPU = Release|Any CPU
	EndGlobalSection
	GlobalSection(ProjectConfigurationPlatforms) = postSolution
		{CC0B0007-EA31-40CB-BF5B-57419B6D2BCB}.Debug|Any CPU.ActiveCfg = Debug|Any CPU
		{CC0B0007-EA31-40CB-BF5B-57419B6D2BCB}.Debug|Any CPU.Build.0 = Debug|Any CPU
		{CC0B0007-EA31-40CB-BF5B-57419B6D2BCB}.Release|Any CPU.ActiveCfg = Release|Any CPU
		{CC0B0007-EA31-40CB-BF5B-57419B6D2BCB}.Release|Any CPU.Build.0 = Release|Any CPU
	EndGlobalSection
	GlobalSection(SolutionProperties) = preSolution
		HideSolutionNode = FALSE
	EndGlobalSection
	GlobalSection(ExtensibilityGlobals) = postSolution
		SolutionGuid = {9ED41FC8-A8FB-4BD1-B3BF-6B0B46CC4F3C}
	EndGlobalSection
EndGlobal
